
Microsoft Visual Studio Solution File, Format Version 12.00
# Visual Studio Version 16
VisualStudioVersion = 16.0.31702.278
MinimumVisualStudioVersion = 10.0.40219.1
Project("{9A19103F-16F7-4668-BE54-9A1E7A4F7556}") = "BotUpdate", "BotUpdate\BotUpdate.csproj", "{8E7451AD-E72A-46F7-84DD-AEA33CD11DD1}"
EndProject
Project("{9A19103F-16F7-4668-BE54-9A1E7A4F7556}") = "Infrastructure", "Infrastructure\Infrastructure.csproj", "{F06483FF-351C-4479-81AB-244BF1B18A21}"
EndProject
Global
	GlobalSection(SolutionConfigurationPlatforms) = preSolution
		Debug|Any CPU = Debug|Any CPU
		Infra|Any CPU = Infra|Any CPU
		Release|Any CPU = Release|Any CPU
	EndGlobalSection
	GlobalSection(ProjectConfigurationPlatforms) = postSolution
		{8E7451AD-E72A-46F7-84DD-AEA33CD11DD1}.Debug|Any CPU.ActiveCfg = Debug|Any CPU
		{8E7451AD-E72A-46F7-84DD-AEA33CD11DD1}.Debug|Any CPU.Build.0 = Debug|Any CPU
		{8E7451AD-E72A-46F7-84DD-AEA33CD11DD1}.Infra|Any CPU.ActiveCfg = Infra|Any CPU
		{8E7451AD-E72A-46F7-84DD-AEA33CD11DD1}.Infra|Any CPU.Build.0 = Infra|Any CPU
		{8E7451AD-E72A-46F7-84DD-AEA33CD11DD1}.Release|Any CPU.ActiveCfg = Release|Any CPU
		{8E7451AD-E72A-46F7-84DD-AEA33CD11DD1}.Release|Any CPU.Build.0 = Release|Any CPU
		{F06483FF-351C-4479-81AB-244BF1B18A21}.Debug|Any CPU.ActiveCfg = Debug|Any CPU
		{F06483FF-351C-4479-81AB-244BF1B18A21}.Debug|Any CPU.Build.0 = Debug|Any CPU
		{F06483FF-351C-4479-81AB-244BF1B18A21}.Infra|Any CPU.ActiveCfg = Infra|Any CPU
		{F06483FF-351C-4479-81AB-244BF1B18A21}.Infra|Any CPU.Build.0 = Infra|Any CPU
		{F06483FF-351C-4479-81AB-244BF1B18A21}.Release|Any CPU.ActiveCfg = Release|Any CPU
		{F06483FF-351C-4479-81AB-244BF1B18A21}.Release|Any CPU.Build.0 = Release|Any CPU
	EndGlobalSection
	GlobalSection(SolutionProperties) = preSolution
		HideSolutionNode = FALSE
	EndGlobalSection
	GlobalSection(ExtensibilityGlobals) = postSolution
		SolutionGuid = {10D5B098-69E5-4DC6-BB1E-0774B8559D5B}
	EndGlobalSection
EndGlobal
